
Microsoft Visual Studio Solution File, Format Version 12.00
# Visual Studio Version 17
VisualStudioVersion = 17.7.34202.233
MinimumVisualStudioVersion = 10.0.40219.1
Project("{FAE04EC0-301F-11D3-BF4B-00C04F79EFBC}") = "chart_from_a_list", "chart_from_a_list\chart_from_a_list.csproj", "{AD749294-C79C-4877-AF61-824B3E942C47}"
EndProject
Global
	GlobalSection(SolutionConfigurationPlatforms) = preSolution
		Debug|Any CPU = Debug|Any CPU
		Release|Any CPU = Release|Any CPU
	EndGlobalSection
	GlobalSection(ProjectConfigurationPlatforms) = postSolution
		{AD749294-C79C-4877-AF61-824B3E942C47}.Debug|Any CPU.ActiveCfg = Debug|Any CPU
		{AD749294-C79C-4877-AF61-824B3E942C47}.Debug|Any CPU.Build.0 = Debug|Any CPU
		{AD749294-C79C-4877-AF61-824B3E942C47}.Release|Any CPU.ActiveCfg = Release|Any CPU
		{AD749294-C79C-4877-AF61-824B3E942C47}.Release|Any CPU.Build.0 = Release|Any CPU
	EndGlobalSection
	GlobalSection(SolutionProperties) = preSolution
		HideSolutionNode = FALSE
	EndGlobalSection
	GlobalSection(ExtensibilityGlobals) = postSolution
		SolutionGuid = {3243CED6-D2FB-47F4-89EE-6307E583A3CC}
	EndGlobalSection
EndGlobal
